
Microsoft Visual Studio Solution File, Format Version 12.00
# Visual Studio Version 17
VisualStudioVersion = 17.5.002.0
MinimumVisualStudioVersion = 10.0.40219.1
Project("{9A19103F-16F7-4668-BE54-9A1E7A4F7556}") = "todo.backend", "todo.backend\todo.backend.csproj", "{367CA5E0-2717-454B-9A06-A6F21D633E0E}"
EndProject
Global
	GlobalSection(SolutionConfigurationPlatforms) = preSolution
		Debug|Any CPU = Debug|Any CPU
		Release|Any CPU = Release|Any CPU
	EndGlobalSection
	GlobalSection(ProjectConfigurationPlatforms) = postSolution
		{367CA5E0-2717-454B-9A06-A6F21D633E0E}.Debug|Any CPU.ActiveCfg = Debug|Any CPU
		{367CA5E0-2717-454B-9A06-A6F21D633E0E}.Debug|Any CPU.Build.0 = Debug|Any CPU
		{367CA5E0-2717-454B-9A06-A6F21D633E0E}.Release|Any CPU.ActiveCfg = Release|Any CPU
		{367CA5E0-2717-454B-9A06-A6F21D633E0E}.Release|Any CPU.Build.0 = Release|Any CPU
	EndGlobalSection
	GlobalSection(SolutionProperties) = preSolution
		HideSolutionNode = FALSE
	EndGlobalSection
	GlobalSection(ExtensibilityGlobals) = postSolution
		SolutionGuid = {11FA8409-CA46-4FC7-A84C-4311D67281E3}
	EndGlobalSection
EndGlobal
